// !$*UTF8*$!
{
	archiveVersion = 1;
	classes = {
	};
	objectVersion = 56;
	objects = {

/* Begin PBXBuildFile section */
		1B00CA352A02C0B900AA08BD /* Question.swift in Sources */ = {isa = PBXBuildFile; fileRef = 1B00CA342A02C0B900AA08BD /* Question.swift */; };
		1B00CA372A02C31D00AA08BD /* ChoiceTextView.swift in Sources */ = {isa = PBXBuildFile; fileRef = 1B00CA362A02C31D00AA08BD /* ChoiceTextView.swift */; };
		1B4FB83929F9DB1F009ADF6C /* Code_HistoryApp.swift in Sources */ = {isa = PBXBuildFile; fileRef = 1B4FB83829F9DB1F009ADF6C /* Code_HistoryApp.swift */; };
		1B4FB83B29F9DB1F009ADF6C /* GameView.swift in Sources */ = {isa = PBXBuildFile; fileRef = 1B4FB83A29F9DB1F009ADF6C /* GameView.swift */; };
		1B4FB83D29F9DB1F009ADF6C /* Assets.xcassets in Resources */ = {isa = PBXBuildFile; fileRef = 1B4FB83C29F9DB1F009ADF6C /* Assets.xcassets */; };
		1B4FB84029F9DB1F009ADF6C /* Preview Assets.xcassets in Resources */ = {isa = PBXBuildFile; fileRef = 1B4FB83F29F9DB1F009ADF6C /* Preview Assets.xcassets */; };
		1B517DEE2A21601000C3EDC4 /* GameViewModel.swift in Sources */ = {isa = PBXBuildFile; fileRef = 1B517DED2A21601000C3EDC4 /* GameViewModel.swift */; };
		1B55FA342A1D5276006EC7F4 /* WelcomeView.swift in Sources */ = {isa = PBXBuildFile; fileRef = 1B55FA332A1D5276006EC7F4 /* WelcomeView.swift */; };
		1B55FA362A1D595B006EC7F4 /* GameColor.swift in Sources */ = {isa = PBXBuildFile; fileRef = 1B55FA352A1D595B006EC7F4 /* GameColor.swift */; };
		1B55FA382A1D5BA6006EC7F4 /* BottomTextView.swift in Sources */ = {isa = PBXBuildFile; fileRef = 1B55FA372A1D5BA6006EC7F4 /* BottomTextView.swift */; };
		1BCB73B72A1AACD8008990BF /* Game.swift in Sources */ = {isa = PBXBuildFile; fileRef = 1BCB73B62A1AACD8008990BF /* Game.swift */; };
/* End PBXBuildFile section */

/* Begin PBXFileReference section */
		1B00CA342A02C0B900AA08BD /* Question.swift */ = {isa = PBXFileReference; lastKnownFileType = sourcecode.swift; path = Question.swift; sourceTree = "<group>"; };
		1B00CA362A02C31D00AA08BD /* ChoiceTextView.swift */ = {isa = PBXFileReference; lastKnownFileType = sourcecode.swift; path = ChoiceTextView.swift; sourceTree = "<group>"; };
		1B4FB83529F9DB1F009ADF6C /* Code History.app */ = {isa = PBXFileReference; explicitFileType = wrapper.application; includeInIndex = 0; path = "Code History.app"; sourceTree = BUILT_PRODUCTS_DIR; };
		1B4FB83829F9DB1F009ADF6C /* Code_HistoryApp.swift */ = {isa = PBXFileReference; lastKnownFileType = sourcecode.swift; path = Code_HistoryApp.swift; sourceTree = "<group>"; };
		1B4FB83A29F9DB1F009ADF6C /* GameView.swift */ = {isa = PBXFileReference; lastKnownFileType = sourcecode.swift; path = GameView.swift; sourceTree = "<group>"; };
		1B4FB83C29F9DB1F009ADF6C /* Assets.xcassets */ = {isa = PBXFileReference; lastKnownFileType = folder.assetcatalog; path = Assets.xcassets; sourceTree = "<group>"; };
		1B4FB83F29F9DB1F009ADF6C /* Preview Assets.xcassets */ = {isa = PBXFileReference; lastKnownFileType = folder.assetcatalog; path = "Preview Assets.xcassets"; sourceTree = "<group>"; };
		1B517DED2A21601000C3EDC4 /* GameViewModel.swift */ = {isa = PBXFileReference; lastKnownFileType = sourcecode.swift; path = GameViewModel.swift; sourceTree = "<group>"; };
		1B55FA332A1D5276006EC7F4 /* WelcomeView.swift */ = {isa = PBXFileReference; lastKnownFileType = sourcecode.swift; path = WelcomeView.swift; sourceTree = "<group>"; };
		1B55FA352A1D595B006EC7F4 /* GameColor.swift */ = {isa = PBXFileReference; lastKnownFileType = sourcecode.swift; path = GameColor.swift; sourceTree = "<group>"; };
		1B55FA372A1D5BA6006EC7F4 /* BottomTextView.swift */ = {isa = PBXFileReference; lastKnownFileType = sourcecode.swift; path = BottomTextView.swift; sourceTree = "<group>"; };
		1BCB73B62A1AACD8008990BF /* Game.swift */ = {isa = PBXFileReference; lastKnownFileType = sourcecode.swift; path = Game.swift; sourceTree = "<group>"; };
/* End PBXFileReference section */

/* Begin PBXFrameworksBuildPhase section */
		1B4FB83229F9DB1F009ADF6C /* Frameworks */ = {
			isa = PBXFrameworksBuildPhase;
			buildActionMask = 2147483647;
			files = (
			);
			runOnlyForDeploymentPostprocessing = 0;
		};
/* End PBXFrameworksBuildPhase section */

/* Begin PBXGroup section */
		1B4FB82C29F9DB1F009ADF6C = {
			isa = PBXGroup;
			children = (
				1B4FB83729F9DB1F009ADF6C /* Code History */,
				1B4FB83629F9DB1F009ADF6C /* Products */,
			);
			sourceTree = "<group>";
		};
		1B4FB83629F9DB1F009ADF6C /* Products */ = {
			isa = PBXGroup;
			children = (
				1B4FB83529F9DB1F009ADF6C /* Code History.app */,
			);
			name = Products;
			sourceTree = "<group>";
		};
		1B4FB83729F9DB1F009ADF6C /* Code History */ = {
			isa = PBXGroup;
			children = (
				1BCB73B92A1AAD63008990BF /* Views */,
				1BCB73B82A1AAD26008990BF /* Models */,
				1B517DEC2A215FE700C3EDC4 /* ViewModel */,
				1B4FB83829F9DB1F009ADF6C /* Code_HistoryApp.swift */,
				1B4FB83C29F9DB1F009ADF6C /* Assets.xcassets */,
				1B4FB83E29F9DB1F009ADF6C /* Preview Content */,
			);
			path = "Code History";
			sourceTree = "<group>";
		};
		1B4FB83E29F9DB1F009ADF6C /* Preview Content */ = {
			isa = PBXGroup;
			children = (
				1B4FB83F29F9DB1F009ADF6C /* Preview Assets.xcassets */,
			);
			path = "Preview Content";
			sourceTree = "<group>";
		};
		1B517DEC2A215FE700C3EDC4 /* ViewModel */ = {
			isa = PBXGroup;
			children = (
				1B517DED2A21601000C3EDC4 /* GameViewModel.swift */,
			);
			path = ViewModel;
			sourceTree = "<group>";
		};
		1BCB73B82A1AAD26008990BF /* Models */ = {
			isa = PBXGroup;
			children = (
				1BCB73B62A1AACD8008990BF /* Game.swift */,
				1B00CA342A02C0B900AA08BD /* Question.swift */,
			);
			path = Models;
			sourceTree = "<group>";
		};
		1BCB73B92A1AAD63008990BF /* Views */ = {
			isa = PBXGroup;
			children = (
				1B55FA372A1D5BA6006EC7F4 /* BottomTextView.swift */,
				1B55FA332A1D5276006EC7F4 /* WelcomeView.swift */,
				1B55FA352A1D595B006EC7F4 /* GameColor.swift */,
				1B4FB83A29F9DB1F009ADF6C /* GameView.swift */,
				1B00CA362A02C31D00AA08BD /* ChoiceTextView.swift */,
			);
			path = Views;
			sourceTree = "<group>";
		};
/* End PBXGroup section */

/* Begin PBXNativeTarget section */
		1B4FB83429F9DB1F009ADF6C /* Code History */ = {
			isa = PBXNativeTarget;
			buildConfigurationList = 1B4FB84329F9DB1F009ADF6C /* Build configuration list for PBXNativeTarget "Code History" */;
			buildPhases = (
				1B4FB83129F9DB1F009ADF6C /* Sources */,
				1B4FB83229F9DB1F009ADF6C /* Frameworks */,
				1B4FB83329F9DB1F009ADF6C /* Resources */,
			);
			buildRules = (
			);
			dependencies = (
			);
			name = "Code History";
			productName = "Code History";
			productReference = 1B4FB83529F9DB1F009ADF6C /* Code History.app */;
			productType = "com.apple.product-type.application";
		};
/* End PBXNativeTarget section */

/* Begin PBXProject section */
		1B4FB82D29F9DB1F009ADF6C /* Project object */ = {
			isa = PBXProject;
			attributes = {
				BuildIndependentTargetsInParallel = 1;
				LastSwiftUpdateCheck = 1420;
				LastUpgradeCheck = 1420;
				TargetAttributes = {
					1B4FB83429F9DB1F009ADF6C = {
						CreatedOnToolsVersion = 14.2;
					};
				};
			};
			buildConfigurationList = 1B4FB83029F9DB1F009ADF6C /* Build configuration list for PBXProject "Code History" */;
			compatibilityVersion = "Xcode 14.0";
			developmentRegion = en;
			hasScannedForEncodings = 0;
			knownRegions = (
				en,
				Base,
			);
			mainGroup = 1B4FB82C29F9DB1F009ADF6C;
			productRefGroup = 1B4FB83629F9DB1F009ADF6C /* Products */;
			projectDirPath = "";
			projectRoot = "";
			targets = (
				1B4FB83429F9DB1F009ADF6C /* Code History */,
			);
		};
/* End PBXProject section */

/* Begin PBXResourcesBuildPhase section */
		1B4FB83329F9DB1F009ADF6C /* Resources */ = {
			isa = PBXResourcesBuildPhase;
			buildActionMask = 2147483647;
			files = (
				1B4FB84029F9DB1F009ADF6C /* Preview Assets.xcassets in Resources */,
				1B4FB83D29F9DB1F009ADF6C /* Assets.xcassets in Resources */,
			);
			runOnlyForDeploymentPostprocessing = 0;
		};
/* End PBXResourcesBuildPhase section */

/* Begin PBXSourcesBuildPhase section */
		1B4FB83129F9DB1F009ADF6C /* Sources */ = {
			isa = PBXSourcesBuildPhase;
			buildActionMask = 2147483647;
			files = (
				1B517DEE2A21601000C3EDC4 /* GameViewModel.swift in Sources */,
				1BCB73B72A1AACD8008990BF /* Game.swift in Sources */,
				1B55FA342A1D5276006EC7F4 /* WelcomeView.swift in Sources */,
				1B00CA352A02C0B900AA08BD /* Question.swift in Sources */,
				1B4FB83B29F9DB1F009ADF6C /* GameView.swift in Sources */,
				1B55FA382A1D5BA6006EC7F4 /* BottomTextView.swift in Sources */,
				1B55FA362A1D595B006EC7F4 /* GameColor.swift in Sources */,
				1B00CA372A02C31D00AA08BD /* ChoiceTextView.swift in Sources */,
				1B4FB83929F9DB1F009ADF6C /* Code_HistoryApp.swift in Sources */,
			);
			runOnlyForDeploymentPostprocessing = 0;
		};
/* End PBXSourcesBuildPhase section */

/* Begin XCBuildConfiguration section */
		1B4FB84129F9DB1F009ADF6C /* Debug */ = {
			isa = XCBuildConfiguration;
			buildSettings = {
				ALWAYS_SEARCH_USER_PATHS = NO;
				CLANG_ANALYZER_NONNULL = YES;
				CLANG_ANALYZER_NUMBER_OBJECT_CONVERSION = YES_AGGRESSIVE;
				CLANG_CXX_LANGUAGE_STANDARD = "gnu++20";
				CLANG_ENABLE_MODULES = YES;
				CLANG_ENABLE_OBJC_ARC = YES;
				CLANG_ENABLE_OBJC_WEAK = YES;
				CLANG_WARN_BLOCK_CAPTURE_AUTORELEASING = YES;
				CLANG_WARN_BOOL_CONVERSION = YES;
				CLANG_WARN_COMMA = YES;
				CLANG_WARN_CONSTANT_CONVERSION = YES;
				CLANG_WARN_DEPRECATED_OBJC_IMPLEMENTATIONS = YES;
				CLANG_WARN_DIRECT_OBJC_ISA_USAGE = YES_ERROR;
				CLANG_WARN_DOCUMENTATION_COMMENTS = YES;
				CLANG_WARN_EMPTY_BODY = YES;
				CLANG_WARN_ENUM_CONVERSION = YES;
				CLANG_WARN_INFINITE_RECURSION = YES;
				CLANG_WARN_INT_CONVERSION = YES;
				CLANG_WARN_NON_LITERAL_NULL_CONVERSION = YES;
				CLANG_WARN_OBJC_IMPLICIT_RETAIN_SELF = YES;
				CLANG_WARN_OBJC_LITERAL_CONVERSION = YES;
				CLANG_WARN_OBJC_ROOT_CLASS = YES_ERROR;
				CLANG_WARN_QUOTED_INCLUDE_IN_FRAMEWORK_HEADER = YES;
				CLANG_WARN_RANGE_LOOP_ANALYSIS = YES;
				CLANG_WARN_STRICT_PROTOTYPES = YES;
				CLANG_WARN_SUSPICIOUS_MOVE = YES;
				CLANG_WARN_UNGUARDED_AVAILABILITY = YES_AGGRESSIVE;
				CLANG_WARN_UNREACHABLE_CODE = YES;
				CLANG_WARN__DUPLICATE_METHOD_MATCH = YES;
				COPY_PHASE_STRIP = NO;
				DEBUG_INFORMATION_FORMAT = dwarf;
				ENABLE_STRICT_OBJC_MSGSEND = YES;
				ENABLE_TESTABILITY = YES;
				GCC_C_LANGUAGE_STANDARD = gnu11;
				GCC_DYNAMIC_NO_PIC = NO;
				GCC_NO_COMMON_BLOCKS = YES;
				GCC_OPTIMIZATION_LEVEL = 0;
				GCC_PREPROCESSOR_DEFINITIONS = (
					"DEBUG=1",
					"$(inherited)",
				);
				GCC_WARN_64_TO_32_BIT_CONVERSION = YES;
				GCC_WARN_ABOUT_RETURN_TYPE = YES_ERROR;
				GCC_WARN_UNDECLARED_SELECTOR = YES;
				GCC_WARN_UNINITIALIZED_AUTOS = YES_AGGRESSIVE;
				GCC_WARN_UNUSED_FUNCTION = YES;
				GCC_WARN_UNUSED_VARIABLE = YES;
				IPHONEOS_DEPLOYMENT_TARGET = 16.2;
				MTL_ENABLE_DEBUG_INFO = INCLUDE_SOURCE;
				MTL_FAST_MATH = YES;
				ONLY_ACTIVE_ARCH = YES;
				SDKROOT = iphoneos;
				SWIFT_ACTIVE_COMPILATION_CONDITIONS = DEBUG;
				SWIFT_OPTIMIZATION_LEVEL = "-Onone";
			};
			name = Debug;
		};
		1B4FB84229F9DB1F009ADF6C /* Release */ = {
			isa = XCBuildConfiguration;
			buildSettings = {
				ALWAYS_SEARCH_USER_PATHS = NO;
				CLANG_ANALYZER_NONNULL = YES;
				CLANG_ANALYZER_NUMBER_OBJECT_CONVERSION = YES_AGGRESSIVE;
				CLANG_CXX_LANGUAGE_STANDARD = "gnu++20";
				CLANG_ENABLE_MODULES = YES;
				CLANG_ENABLE_OBJC_ARC = YES;
				CLANG_ENABLE_OBJC_WEAK = YES;
				CLANG_WARN_BLOCK_CAPTURE_AUTORELEASING = YES;
				CLANG_WARN_BOOL_CONVERSION = YES;
				CLANG_WARN_COMMA = YES;
				CLANG_WARN_CONSTANT_CONVERSION = YES;
				CLANG_WARN_DEPRECATED_OBJC_IMPLEMENTATIONS = YES;
				CLANG_WARN_DIRECT_OBJC_ISA_USAGE = YES_ERROR;
				CLANG_WARN_DOCUMENTATION_COMMENTS = YES;
				CLANG_WARN_EMPTY_BODY = YES;
				CLANG_WARN_ENUM_CONVERSION = YES;
				CLANG_WARN_INFINITE_RECURSION = YES;
				CLANG_WARN_INT_CONVERSION = YES;
				CLANG_WARN_NON_LITERAL_NULL_CONVERSION = YES;
				CLANG_WARN_OBJC_IMPLICIT_RETAIN_SELF = YES;
				CLANG_WARN_OBJC_LITERAL_CONVERSION = YES;
				CLANG_WARN_OBJC_ROOT_CLASS = YES_ERROR;
				CLANG_WARN_QUOTED_INCLUDE_IN_FRAMEWORK_HEADER = YES;
				CLANG_WARN_RANGE_LOOP_ANALYSIS = YES;
				CLANG_WARN_STRICT_PROTOTYPES = YES;
				CLANG_WARN_SUSPICIOUS_MOVE = YES;
				CLANG_WARN_UNGUARDED_AVAILABILITY = YES_AGGRESSIVE;
				CLANG_WARN_UNREACHABLE_CODE = YES;
				CLANG_WARN__DUPLICATE_METHOD_MATCH = YES;
				COPY_PHASE_STRIP = NO;
				DEBUG_INFORMATION_FORMAT = "dwarf-with-dsym";
				ENABLE_NS_ASSERTIONS = NO;
				ENABLE_STRICT_OBJC_MSGSEND = YES;
				GCC_C_LANGUAGE_STANDARD = gnu11;
				GCC_NO_COMMON_BLOCKS = YES;
				GCC_WARN_64_TO_32_BIT_CONVERSION = YES;
				GCC_WARN_ABOUT_RETURN_TYPE = YES_ERROR;
				GCC_WARN_UNDECLARED_SELECTOR = YES;
				GCC_WARN_UNINITIALIZED_AUTOS = YES_AGGRESSIVE;
				GCC_WARN_UNUSED_FUNCTION = YES;
				GCC_WARN_UNUSED_VARIABLE = YES;
				IPHONEOS_DEPLOYMENT_TARGET = 16.2;
				MTL_ENABLE_DEBUG_INFO = NO;
				MTL_FAST_MATH = YES;
				SDKROOT = iphoneos;
				SWIFT_COMPILATION_MODE = wholemodule;
				SWIFT_OPTIMIZATION_LEVEL = "-O";
				VALIDATE_PRODUCT = YES;
			};
			name = Release;
		};
		1B4FB84429F9DB1F009ADF6C /* Debug */ = {
			isa = XCBuildConfiguration;
			buildSettings = {
				ASSETCATALOG_COMPILER_APPICON_NAME = AppIcon;
				ASSETCATALOG_COMPILER_GLOBAL_ACCENT_COLOR_NAME = AccentColor;
				CODE_SIGN_STYLE = Automatic;
				CURRENT_PROJECT_VERSION = 1;
				DEVELOPMENT_ASSET_PATHS = "\"Code History/Preview Content\"";
				ENABLE_PREVIEWS = YES;
				GENERATE_INFOPLIST_FILE = YES;
				INFOPLIST_KEY_UIApplicationSceneManifest_Generation = YES;
				INFOPLIST_KEY_UIApplicationSupportsIndirectInputEvents = YES;
				INFOPLIST_KEY_UILaunchScreen_Generation = YES;
				INFOPLIST_KEY_UISupportedInterfaceOrientations_iPad = "UIInterfaceOrientationPortrait UIInterfaceOrientationPortraitUpsideDown UIInterfaceOrientationLandscapeLeft UIInterfaceOrientationLandscapeRight";
				INFOPLIST_KEY_UISupportedInterfaceOrientations_iPhone = "UIInterfaceOrientationPortrait UIInterfaceOrientationLandscapeLeft UIInterfaceOrientationLandscapeRight";
				LD_RUNPATH_SEARCH_PATHS = (
					"$(inherited)",
					"@executable_path/Frameworks",
				);
				MARKETING_VERSION = 1.0;
				PRODUCT_BUNDLE_IDENTIFIER = "com.anceldevs.Code-History";
				PRODUCT_NAME = "$(TARGET_NAME)";
				SWIFT_EMIT_LOC_STRINGS = YES;
				SWIFT_VERSION = 5.0;
				TARGETED_DEVICE_FAMILY = "1,2";
			};
			name = Debug;
		};
		1B4FB84529F9DB1F009ADF6C /* Release */ = {
			isa = XCBuildConfiguration;
			buildSettings = {
				ASSETCATALOG_COMPILER_APPICON_NAME = AppIcon;
				ASSETCATALOG_COMPILER_GLOBAL_ACCENT_COLOR_NAME = AccentColor;
				CODE_SIGN_STYLE = Automatic;
				CURRENT_PROJECT_VERSION = 1;
				DEVELOPMENT_ASSET_PATHS = "\"Code History/Preview Content\"";
				ENABLE_PREVIEWS = YES;
				GENERATE_INFOPLIST_FILE = YES;
				INFOPLIST_KEY_UIApplicationSceneManifest_Generation = YES;
				INFOPLIST_KEY_UIApplicationSupportsIndirectInputEvents = YES;
				INFOPLIST_KEY_UILaunchScreen_Generation = YES;
				INFOPLIST_KEY_UISupportedInterfaceOrientations_iPad = "UIInterfaceOrientationPortrait UIInterfaceOrientationPortraitUpsideDown UIInterfaceOrientationLandscapeLeft UIInterfaceOrientationLandscapeRight";
				INFOPLIST_KEY_UISupportedInterfaceOrientations_iPhone = "UIInterfaceOrientationPortrait UIInterfaceOrientationLandscapeLeft UIInterfaceOrientationLandscapeRight";
				LD_RUNPATH_SEARCH_PATHS = (
					"$(inherited)",
					"@executable_path/Frameworks",
				);
				MARKETING_VERSION = 1.0;
				PRODUCT_BUNDLE_IDENTIFIER = "com.anceldevs.Code-History";
				PRODUCT_NAME = "$(TARGET_NAME)";
				SWIFT_EMIT_LOC_STRINGS = YES;
				SWIFT_VERSION = 5.0;
				TARGETED_DEVICE_FAMILY = "1,2";
			};
			name = Release;
		};
/* End XCBuildConfiguration section */

/* Begin XCConfigurationList section */
		1B4FB83029F9DB1F009ADF6C /* Build configuration list for PBXProject "Code History" */ = {
			isa = XCConfigurationList;
			buildConfigurations = (
				1B4FB84129F9DB1F009ADF6C /* Debug */,
				1B4FB84229F9DB1F009ADF6C /* Release */,
			);
			defaultConfigurationIsVisible = 0;
			defaultConfigurationName = Release;
		};
		1B4FB84329F9DB1F009ADF6C /* Build configuration list for PBXNativeTarget "Code History" */ = {
			isa = XCConfigurationList;
			buildConfigurations = (
				1B4FB84429F9DB1F009ADF6C /* Debug */,
				1B4FB84529F9DB1F009ADF6C /* Release */,
			);
			defaultConfigurationIsVisible = 0;
			defaultConfigurationName = Release;
		};
/* End XCConfigurationList section */
	};
	rootObject = 1B4FB82D29F9DB1F009ADF6C /* Project object */;
}
